
Microsoft Visual Studio Solution File, Format Version 12.00
# Visual Studio Version 16
VisualStudioVersion = 16.0.31515.178
MinimumVisualStudioVersion = 10.0.40219.1
Project("{FAE04EC0-301F-11D3-BF4B-00C04F79EFBC}") = "Demo_TTT", "Demo_TTT\Demo_TTT.csproj", "{B330B87A-FE57-4DBF-BC1A-5425B3A01D83}"
EndProject
Global
	GlobalSection(SolutionConfigurationPlatforms) = preSolution
		Debug|Any CPU = Debug|Any CPU
		Release|Any CPU = Release|Any CPU
	EndGlobalSection
	GlobalSection(ProjectConfigurationPlatforms) = postSolution
		{B330B87A-FE57-4DBF-BC1A-5425B3A01D83}.Debug|Any CPU.ActiveCfg = Debug|Any CPU
		{B330B87A-FE57-4DBF-BC1A-5425B3A01D83}.Debug|Any CPU.Build.0 = Debug|Any CPU
		{B330B87A-FE57-4DBF-BC1A-5425B3A01D83}.Release|Any CPU.ActiveCfg = Release|Any CPU
		{B330B87A-FE57-4DBF-BC1A-5425B3A01D83}.Release|Any CPU.Build.0 = Release|Any CPU
	EndGlobalSection
	GlobalSection(SolutionProperties) = preSolution
		HideSolutionNode = FALSE
	EndGlobalSection
	GlobalSection(ExtensibilityGlobals) = postSolution
		SolutionGuid = {3563E0AD-8DE0-46A7-A92F-F12129BECDA7}
	EndGlobalSection
EndGlobal
